
Microsoft Visual Studio Solution File, Format Version 12.00
# Visual Studio 2012
Project("{FAE04EC0-301F-11D3-BF4B-00C04F79EFBC}") = "entityJoin0", "entityJoin0\entityJoin0.csproj", "{06006DE9-B13C-4DB6-949A-C7419A890F7E}"
EndProject
Global
	GlobalSection(SolutionConfigurationPlatforms) = preSolution
		Debug|Any CPU = Debug|Any CPU
		Release|Any CPU = Release|Any CPU
	EndGlobalSection
	GlobalSection(ProjectConfigurationPlatforms) = postSolution
		{06006DE9-B13C-4DB6-949A-C7419A890F7E}.Debug|Any CPU.ActiveCfg = Debug|Any CPU
		{06006DE9-B13C-4DB6-949A-C7419A890F7E}.Debug|Any CPU.Build.0 = Debug|Any CPU
		{06006DE9-B13C-4DB6-949A-C7419A890F7E}.Release|Any CPU.ActiveCfg = Release|Any CPU
		{06006DE9-B13C-4DB6-949A-C7419A890F7E}.Release|Any CPU.Build.0 = Release|Any CPU
	EndGlobalSection
	GlobalSection(SolutionProperties) = preSolution
		HideSolutionNode = FALSE
	EndGlobalSection
EndGlobal
